// !$*UTF8*$!
{
	archiveVersion = 1;
	classes = {
	};
	objectVersion = 46;
	objects = {

/* Begin PBXBuildFile section */
		40A9FD211B97633A004EB763 /* AppDelegate.swift in Sources */ = {isa = PBXBuildFile; fileRef = 40A9FD201B97633A004EB763 /* AppDelegate.swift */; };
		40A9FD231B97633A004EB763 /* ViewController.swift in Sources */ = {isa = PBXBuildFile; fileRef = 40A9FD221B97633A004EB763 /* ViewController.swift */; };
		40A9FD261B97633A004EB763 /* Main.storyboard in Resources */ = {isa = PBXBuildFile; fileRef = 40A9FD241B97633A004EB763 /* Main.storyboard */; };
		40A9FD281B97633A004EB763 /* Images.xcassets in Resources */ = {isa = PBXBuildFile; fileRef = 40A9FD271B97633A004EB763 /* Images.xcassets */; };
		40A9FD2B1B97633A004EB763 /* LaunchScreen.xib in Resources */ = {isa = PBXBuildFile; fileRef = 40A9FD291B97633A004EB763 /* LaunchScreen.xib */; };
		40A9FD371B97633A004EB763 /* KanyeDoingThingsTests.swift in Sources */ = {isa = PBXBuildFile; fileRef = 40A9FD361B97633A004EB763 /* KanyeDoingThingsTests.swift */; };
		40A9FD411B97C2FE004EB763 /* kanyesmile.png in Resources */ = {isa = PBXBuildFile; fileRef = 40A9FD401B97C2FE004EB763 /* kanyesmile.png */; };
/* End PBXBuildFile section */

/* Begin PBXContainerItemProxy section */
		40A9FD311B97633A004EB763 /* PBXContainerItemProxy */ = {
			isa = PBXContainerItemProxy;
			containerPortal = 40A9FD131B976339004EB763 /* Project object */;
			proxyType = 1;
			remoteGlobalIDString = 40A9FD1A1B976339004EB763;
			remoteInfo = KanyeDoingThings;
		};
/* End PBXContainerItemProxy section */

/* Begin PBXFileReference section */
		40A9FD1B1B97633A004EB763 /* KanyeDoingThings.app */ = {isa = PBXFileReference; explicitFileType = wrapper.application; includeInIndex = 0; path = KanyeDoingThings.app; sourceTree = BUILT_PRODUCTS_DIR; };
		40A9FD1F1B97633A004EB763 /* Info.plist */ = {isa = PBXFileReference; lastKnownFileType = text.plist.xml; path = Info.plist; sourceTree = "<group>"; };
		40A9FD201B97633A004EB763 /* AppDelegate.swift */ = {isa = PBXFileReference; lastKnownFileType = sourcecode.swift; path = AppDelegate.swift; sourceTree = "<group>"; };
		40A9FD221B97633A004EB763 /* ViewController.swift */ = {isa = PBXFileReference; lastKnownFileType = sourcecode.swift; path = ViewController.swift; sourceTree = "<group>"; };
		40A9FD251B97633A004EB763 /* Base */ = {isa = PBXFileReference; lastKnownFileType = file.storyboard; name = Base; path = Base.lproj/Main.storyboard; sourceTree = "<group>"; };
		40A9FD271B97633A004EB763 /* Images.xcassets */ = {isa = PBXFileReference; lastKnownFileType = folder.assetcatalog; path = Images.xcassets; sourceTree = "<group>"; };
		40A9FD2A1B97633A004EB763 /* Base */ = {isa = PBXFileReference; lastKnownFileType = file.xib; name = Base; path = Base.lproj/LaunchScreen.xib; sourceTree = "<group>"; };
		40A9FD301B97633A004EB763 /* KanyeDoingThingsTests.xctest */ = {isa = PBXFileReference; explicitFileType = wrapper.cfbundle; includeInIndex = 0; path = KanyeDoingThingsTests.xctest; sourceTree = BUILT_PRODUCTS_DIR; };
		40A9FD351B97633A004EB763 /* Info.plist */ = {isa = PBXFileReference; lastKnownFileType = text.plist.xml; path = Info.plist; sourceTree = "<group>"; };
		40A9FD361B97633A004EB763 /* KanyeDoingThingsTests.swift */ = {isa = PBXFileReference; lastKnownFileType = sourcecode.swift; path = KanyeDoingThingsTests.swift; sourceTree = "<group>"; };
		40A9FD401B97C2FE004EB763 /* kanyesmile.png */ = {isa = PBXFileReference; lastKnownFileType = image.png; path = kanyesmile.png; sourceTree = "<group>"; };
/* End PBXFileReference section */

/* Begin PBXFrameworksBuildPhase section */
		40A9FD181B976339004EB763 /* Frameworks */ = {
			isa = PBXFrameworksBuildPhase;
			buildActionMask = 2147483647;
			files = (
			);
			runOnlyForDeploymentPostprocessing = 0;
		};
		40A9FD2D1B97633A004EB763 /* Frameworks */ = {
			isa = PBXFrameworksBuildPhase;
			buildActionMask = 2147483647;
			files = (
			);
			runOnlyForDeploymentPostprocessing = 0;
		};
/* End PBXFrameworksBuildPhase section */

/* Begin PBXGroup section */
		40A9FD121B976339004EB763 = {
			isa = PBXGroup;
			children = (
				40A9FD1D1B97633A004EB763 /* KanyeDoingThings */,
				40A9FD331B97633A004EB763 /* KanyeDoingThingsTests */,
				40A9FD1C1B97633A004EB763 /* Products */,
			);
			sourceTree = "<group>";
		};
		40A9FD1C1B97633A004EB763 /* Products */ = {
			isa = PBXGroup;
			children = (
				40A9FD1B1B97633A004EB763 /* KanyeDoingThings.app */,
				40A9FD301B97633A004EB763 /* KanyeDoingThingsTests.xctest */,
			);
			name = Products;
			sourceTree = "<group>";
		};
		40A9FD1D1B97633A004EB763 /* KanyeDoingThings */ = {
			isa = PBXGroup;
			children = (
				40A9FD201B97633A004EB763 /* AppDelegate.swift */,
				40A9FD221B97633A004EB763 /* ViewController.swift */,
				40A9FD241B97633A004EB763 /* Main.storyboard */,
				40A9FD271B97633A004EB763 /* Images.xcassets */,
				40A9FD291B97633A004EB763 /* LaunchScreen.xib */,
				40A9FD1E1B97633A004EB763 /* Supporting Files */,
			);
			path = KanyeDoingThings;
			sourceTree = "<group>";
		};
		40A9FD1E1B97633A004EB763 /* Supporting Files */ = {
			isa = PBXGroup;
			children = (
				40A9FD401B97C2FE004EB763 /* kanyesmile.png */,
				40A9FD1F1B97633A004EB763 /* Info.plist */,
			);
			name = "Supporting Files";
			sourceTree = "<group>";
		};
		40A9FD331B97633A004EB763 /* KanyeDoingThingsTests */ = {
			isa = PBXGroup;
			children = (
				40A9FD361B97633A004EB763 /* KanyeDoingThingsTests.swift */,
				40A9FD341B97633A004EB763 /* Supporting Files */,
			);
			path = KanyeDoingThingsTests;
			sourceTree = "<group>";
		};
		40A9FD341B97633A004EB763 /* Supporting Files */ = {
			isa = PBXGroup;
			children = (
				40A9FD351B97633A004EB763 /* Info.plist */,
			);
			name = "Supporting Files";
			sourceTree = "<group>";
		};
/* End PBXGroup section */

/* Begin PBXNativeTarget section */
		40A9FD1A1B976339004EB763 /* KanyeDoingThings */ = {
			isa = PBXNativeTarget;
			buildConfigurationList = 40A9FD3A1B97633A004EB763 /* Build configuration list for PBXNativeTarget "KanyeDoingThings" */;
			buildPhases = (
				40A9FD171B976339004EB763 /* Sources */,
				40A9FD181B976339004EB763 /* Frameworks */,
				40A9FD191B976339004EB763 /* Resources */,
			);
			buildRules = (
			);
			dependencies = (
			);
			name = KanyeDoingThings;
			productName = KanyeDoingThings;
			productReference = 40A9FD1B1B97633A004EB763 /* KanyeDoingThings.app */;
			productType = "com.apple.product-type.application";
		};
		40A9FD2F1B97633A004EB763 /* KanyeDoingThingsTests */ = {
			isa = PBXNativeTarget;
			buildConfigurationList = 40A9FD3D1B97633A004EB763 /* Build configuration list for PBXNativeTarget "KanyeDoingThingsTests" */;
			buildPhases = (
				40A9FD2C1B97633A004EB763 /* Sources */,
				40A9FD2D1B97633A004EB763 /* Frameworks */,
				40A9FD2E1B97633A004EB763 /* Resources */,
			);
			buildRules = (
			);
			dependencies = (
				40A9FD321B97633A004EB763 /* PBXTargetDependency */,
			);
			name = KanyeDoingThingsTests;
			productName = KanyeDoingThingsTests;
			productReference = 40A9FD301B97633A004EB763 /* KanyeDoingThingsTests.xctest */;
			productType = "com.apple.product-type.bundle.unit-test";
		};
/* End PBXNativeTarget section */

/* Begin PBXProject section */
		40A9FD131B976339004EB763 /* Project object */ = {
			isa = PBXProject;
			attributes = {
				LastUpgradeCheck = 0630;
				ORGANIZATIONNAME = "Orange Chips";
				TargetAttributes = {
					40A9FD1A1B976339004EB763 = {
						CreatedOnToolsVersion = 6.3.1;
					};
					40A9FD2F1B97633A004EB763 = {
						CreatedOnToolsVersion = 6.3.1;
						TestTargetID = 40A9FD1A1B976339004EB763;
					};
				};
			};
			buildConfigurationList = 40A9FD161B976339004EB763 /* Build configuration list for PBXProject "KanyeDoingThings" */;
			compatibilityVersion = "Xcode 3.2";
			developmentRegion = English;
			hasScannedForEncodings = 0;
			knownRegions = (
				en,
				Base,
			);
			mainGroup = 40A9FD121B976339004EB763;
			productRefGroup = 40A9FD1C1B97633A004EB763 /* Products */;
			projectDirPath = "";
			projectRoot = "";
			targets = (
				40A9FD1A1B976339004EB763 /* KanyeDoingThings */,
				40A9FD2F1B97633A004EB763 /* KanyeDoingThingsTests */,
			);
		};
/* End PBXProject section */

/* Begin PBXResourcesBuildPhase section */
		40A9FD191B976339004EB763 /* Resources */ = {
			isa = PBXResourcesBuildPhase;
			buildActionMask = 2147483647;
			files = (
				40A9FD261B97633A004EB763 /* Main.storyboard in Resources */,
				40A9FD2B1B97633A004EB763 /* LaunchScreen.xib in Resources */,
				40A9FD281B97633A004EB763 /* Images.xcassets in Resources */,
				40A9FD411B97C2FE004EB763 /* kanyesmile.png in Resources */,
			);
			runOnlyForDeploymentPostprocessing = 0;
		};
		40A9FD2E1B97633A004EB763 /* Resources */ = {
			isa = PBXResourcesBuildPhase;
			buildActionMask = 2147483647;
			files = (
			);
			runOnlyForDeploymentPostprocessing = 0;
		};
/* End PBXResourcesBuildPhase section */

/* Begin PBXSourcesBuildPhase section */
		40A9FD171B976339004EB763 /* Sources */ = {
			isa = PBXSourcesBuildPhase;
			buildActionMask = 2147483647;
			files = (
				40A9FD231B97633A004EB763 /* ViewController.swift in Sources */,
				40A9FD211B97633A004EB763 /* AppDelegate.swift in Sources */,
			);
			runOnlyForDeploymentPostprocessing = 0;
		};
		40A9FD2C1B97633A004EB763 /* Sources */ = {
			isa = PBXSourcesBuildPhase;
			buildActionMask = 2147483647;
			files = (
				40A9FD371B97633A004EB763 /* KanyeDoingThingsTests.swift in Sources */,
			);
			runOnlyForDeploymentPostprocessing = 0;
		};
/* End PBXSourcesBuildPhase section */

/* Begin PBXTargetDependency section */
		40A9FD321B97633A004EB763 /* PBXTargetDependency */ = {
			isa = PBXTargetDependency;
			target = 40A9FD1A1B976339004EB763 /* KanyeDoingThings */;
			targetProxy = 40A9FD311B97633A004EB763 /* PBXContainerItemProxy */;
		};
/* End PBXTargetDependency section */

/* Begin PBXVariantGroup section */
		40A9FD241B97633A004EB763 /* Main.storyboard */ = {
			isa = PBXVariantGroup;
			children = (
				40A9FD251B97633A004EB763 /* Base */,
			);
			name = Main.storyboard;
			sourceTree = "<group>";
		};
		40A9FD291B97633A004EB763 /* LaunchScreen.xib */ = {
			isa = PBXVariantGroup;
			children = (
				40A9FD2A1B97633A004EB763 /* Base */,
			);
			name = LaunchScreen.xib;
			sourceTree = "<group>";
		};
/* End PBXVariantGroup section */

/* Begin XCBuildConfiguration section */
		40A9FD381B97633A004EB763 /* Debug */ = {
			isa = XCBuildConfiguration;
			buildSettings = {
				ALWAYS_SEARCH_USER_PATHS = NO;
				CLANG_CXX_LANGUAGE_STANDARD = "gnu++0x";
				CLANG_CXX_LIBRARY = "libc++";
				CLANG_ENABLE_MODULES = YES;
				CLANG_ENABLE_OBJC_ARC = YES;
				CLANG_WARN_BOOL_CONVERSION = YES;
				CLANG_WARN_CONSTANT_CONVERSION = YES;
				CLANG_WARN_DIRECT_OBJC_ISA_USAGE = YES_ERROR;
				CLANG_WARN_EMPTY_BODY = YES;
				CLANG_WARN_ENUM_CONVERSION = YES;
				CLANG_WARN_INT_CONVERSION = YES;
				CLANG_WARN_OBJC_ROOT_CLASS = YES_ERROR;
				CLANG_WARN_UNREACHABLE_CODE = YES;
				CLANG_WARN__DUPLICATE_METHOD_MATCH = YES;
				"CODE_SIGN_IDENTITY[sdk=iphoneos*]" = "iPhone Developer";
				COPY_PHASE_STRIP = NO;
				DEBUG_INFORMATION_FORMAT = "dwarf-with-dsym";
				ENABLE_STRICT_OBJC_MSGSEND = YES;
				GCC_C_LANGUAGE_STANDARD = gnu99;
				GCC_DYNAMIC_NO_PIC = NO;
				GCC_NO_COMMON_BLOCKS = YES;
				GCC_OPTIMIZATION_LEVEL = 0;
				GCC_PREPROCESSOR_DEFINITIONS = (
					"DEBUG=1",
					"$(inherited)",
				);
				GCC_SYMBOLS_PRIVATE_EXTERN = NO;
				GCC_WARN_64_TO_32_BIT_CONVERSION = YES;
				GCC_WARN_ABOUT_RETURN_TYPE = YES_ERROR;
				GCC_WARN_UNDECLARED_SELECTOR = YES;
				GCC_WARN_UNINITIALIZED_AUTOS = YES_AGGRESSIVE;
				GCC_WARN_UNUSED_FUNCTION = YES;
				GCC_WARN_UNUSED_VARIABLE = YES;
				IPHONEOS_DEPLOYMENT_TARGET = 8.3;
				MTL_ENABLE_DEBUG_INFO = YES;
				ONLY_ACTIVE_ARCH = YES;
				SDKROOT = iphoneos;
				SWIFT_OPTIMIZATION_LEVEL = "-Onone";
				TARGETED_DEVICE_FAMILY = "1,2";
			};
			name = Debug;
		};
		40A9FD391B97633A004EB763 /* Release */ = {
			isa = XCBuildConfiguration;
			buildSettings = {
				ALWAYS_SEARCH_USER_PATHS = NO;
				CLANG_CXX_LANGUAGE_STANDARD = "gnu++0x";
				CLANG_CXX_LIBRARY = "libc++";
				CLANG_ENABLE_MODULES = YES;
				CLANG_ENABLE_OBJC_ARC = YES;
				CLANG_WARN_BOOL_CONVERSION = YES;
				CLANG_WARN_CONSTANT_CONVERSION = YES;
				CLANG_WARN_DIRECT_OBJC_ISA_USAGE = YES_ERROR;
				CLANG_WARN_EMPTY_BODY = YES;
				CLANG_WARN_ENUM_CONVERSION = YES;
				CLANG_WARN_INT_CONVERSION = YES;
				CLANG_WARN_OBJC_ROOT_CLASS = YES_ERROR;
				CLANG_WARN_UNREACHABLE_CODE = YES;
				CLANG_WARN__DUPLICATE_METHOD_MATCH = YES;
				"CODE_SIGN_IDENTITY[sdk=iphoneos*]" = "iPhone Developer";
				COPY_PHASE_STRIP = NO;
				DEBUG_INFORMATION_FORMAT = "dwarf-with-dsym";
				ENABLE_NS_ASSERTIONS = NO;
				ENABLE_STRICT_OBJC_MSGSEND = YES;
				GCC_C_LANGUAGE_STANDARD = gnu99;
				GCC_NO_COMMON_BLOCKS = YES;
				GCC_WARN_64_TO_32_BIT_CONVERSION = YES;
				GCC_WARN_ABOUT_RETURN_TYPE = YES_ERROR;
				GCC_WARN_UNDECLARED_SELECTOR = YES;
				GCC_WARN_UNINITIALIZED_AUTOS = YES_AGGRESSIVE;
				GCC_WARN_UNUSED_FUNCTION = YES;
				GCC_WARN_UNUSED_VARIABLE = YES;
				IPHONEOS_DEPLOYMENT_TARGET = 8.3;
				MTL_ENABLE_DEBUG_INFO = NO;
				SDKROOT = iphoneos;
				TARGETED_DEVICE_FAMILY = "1,2";
				VALIDATE_PRODUCT = YES;
			};
			name = Release;
		};
		40A9FD3B1B97633A004EB763 /* Debug */ = {
			isa = XCBuildConfiguration;
			buildSettings = {
				ASSETCATALOG_COMPILER_APPICON_NAME = AppIcon;
				INFOPLIST_FILE = KanyeDoingThings/Info.plist;
				LD_RUNPATH_SEARCH_PATHS = "$(inherited) @executable_path/Frameworks";
				PRODUCT_NAME = "$(TARGET_NAME)";
			};
			name = Debug;
		};
		40A9FD3C1B97633A004EB763 /* Release */ = {
			isa = XCBuildConfiguration;
			buildSettings = {
				ASSETCATALOG_COMPILER_APPICON_NAME = AppIcon;
				INFOPLIST_FILE = KanyeDoingThings/Info.plist;
				LD_RUNPATH_SEARCH_PATHS = "$(inherited) @executable_path/Frameworks";
				PRODUCT_NAME = "$(TARGET_NAME)";
			};
			name = Release;
		};
		40A9FD3E1B97633A004EB763 /* Debug */ = {
			isa = XCBuildConfiguration;
			buildSettings = {
				BUNDLE_LOADER = "$(TEST_HOST)";
				FRAMEWORK_SEARCH_PATHS = (
					"$(SDKROOT)/Developer/Library/Frameworks",
					"$(inherited)",
				);
				GCC_PREPROCESSOR_DEFINITIONS = (
					"DEBUG=1",
					"$(inherited)",
				);
				INFOPLIST_FILE = KanyeDoingThingsTests/Info.plist;
				LD_RUNPATH_SEARCH_PATHS = "$(inherited) @executable_path/Frameworks @loader_path/Frameworks";
				PRODUCT_NAME = "$(TARGET_NAME)";
				TEST_HOST = "$(BUILT_PRODUCTS_DIR)/KanyeDoingThings.app/KanyeDoingThings";
			};
			name = Debug;
		};
		40A9FD3F1B97633A004EB763 /* Release */ = {
			isa = XCBuildConfiguration;
			buildSettings = {
				BUNDLE_LOADER = "$(TEST_HOST)";
				FRAMEWORK_SEARCH_PATHS = (
					"$(SDKROOT)/Developer/Library/Frameworks",
					"$(inherited)",
				);
				INFOPLIST_FILE = KanyeDoingThingsTests/Info.plist;
				LD_RUNPATH_SEARCH_PATHS = "$(inherited) @executable_path/Frameworks @loader_path/Frameworks";
				PRODUCT_NAME = "$(TARGET_NAME)";
				TEST_HOST = "$(BUILT_PRODUCTS_DIR)/KanyeDoingThings.app/KanyeDoingThings";
			};
			name = Release;
		};
/* End XCBuildConfiguration section */

/* Begin XCConfigurationList section */
		40A9FD161B976339004EB763 /* Build configuration list for PBXProject "KanyeDoingThings" */ = {
			isa = XCConfigurationList;
			buildConfigurations = (
				40A9FD381B97633A004EB763 /* Debug */,
				40A9FD391B97633A004EB763 /* Release */,
			);
			defaultConfigurationIsVisible = 0;
			defaultConfigurationName = Release;
		};
		40A9FD3A1B97633A004EB763 /* Build configuration list for PBXNativeTarget "KanyeDoingThings" */ = {
			isa = XCConfigurationList;
			buildConfigurations = (
				40A9FD3B1B97633A004EB763 /* Debug */,
				40A9FD3C1B97633A004EB763 /* Release */,
			);
			defaultConfigurationIsVisible = 0;
		};
		40A9FD3D1B97633A004EB763 /* Build configuration list for PBXNativeTarget "KanyeDoingThingsTests" */ = {
			isa = XCConfigurationList;
			buildConfigurations = (
				40A9FD3E1B97633A004EB763 /* Debug */,
				40A9FD3F1B97633A004EB763 /* Release */,
			);
			defaultConfigurationIsVisible = 0;
		};
/* End XCConfigurationList section */
	};
	rootObject = 40A9FD131B976339004EB763 /* Project object */;
}
